// !$*UTF8*$!
{
	archiveVersion = 1;
	classes = {
	};
	objectVersion = 46;
	objects = {

/* Begin PBXBuildFile section */
		9632D10C1E5D1FD100DEB1F4 /* SceneGraphicsViewController.swift in Sources */ = {isa = PBXBuildFile; fileRef = 9632D10B1E5D1FD100DEB1F4 /* SceneGraphicsViewController.swift */; };
		9632D10E1E5D21FB00DEB1F4 /* FeatureLayerViewController.swift in Sources */ = {isa = PBXBuildFile; fileRef = 9632D10D1E5D21FB00DEB1F4 /* FeatureLayerViewController.swift */; };
		9632D1101E5D376700DEB1F4 /* ExtrusionRendererViewController.swift in Sources */ = {isa = PBXBuildFile; fileRef = 9632D10F1E5D376700DEB1F4 /* ExtrusionRendererViewController.swift */; };
		963839361E5EC1670088F077 /* Bristol.3ds in Resources */ = {isa = PBXBuildFile; fileRef = 963839351E5EC1670088F077 /* Bristol.3ds */; };
		9644B7821E55A078004F505C /* ElevationViewController.swift in Sources */ = {isa = PBXBuildFile; fileRef = 9644B7811E55A078004F505C /* ElevationViewController.swift */; };
		965D07CB1DF90BAC0084B91B /* ArcGIS.bundle in Resources */ = {isa = PBXBuildFile; fileRef = 965D07CA1DF90BAC0084B91B /* ArcGIS.bundle */; };
		969197351E56820C00C0E9EF /* SceneLayerViewController.swift in Sources */ = {isa = PBXBuildFile; fileRef = 969197341E56820C00C0E9EF /* SceneLayerViewController.swift */; };
		96A698731D8BB6B1003F53EA /* AppLoginViewController.swift in Sources */ = {isa = PBXBuildFile; fileRef = 96A698721D8BB6B1003F53EA /* AppLoginViewController.swift */; };
		96AF6D711BB5081800625E21 /* SpatialQueryViewController.swift in Sources */ = {isa = PBXBuildFile; fileRef = 96AF6D701BB5081800625E21 /* SpatialQueryViewController.swift */; };
		96CDC83D1DF8231E00EE0AA9 /* tokyo_yokohama.gpx in Resources */ = {isa = PBXBuildFile; fileRef = 96CDC83C1DF8231E00EE0AA9 /* tokyo_yokohama.gpx */; };
		96CE6BB01B662B9E0053F476 /* AppDelegate.swift in Sources */ = {isa = PBXBuildFile; fileRef = 96CE6BAF1B662B9E0053F476 /* AppDelegate.swift */; };
		96CE6BB21B662B9E0053F476 /* TopMenuController.swift in Sources */ = {isa = PBXBuildFile; fileRef = 96CE6BB11B662B9E0053F476 /* TopMenuController.swift */; };
		96CE6BB51B662B9E0053F476 /* Main.storyboard in Resources */ = {isa = PBXBuildFile; fileRef = 96CE6BB31B662B9E0053F476 /* Main.storyboard */; };
		96CE6BB71B662B9E0053F476 /* Images.xcassets in Resources */ = {isa = PBXBuildFile; fileRef = 96CE6BB61B662B9E0053F476 /* Images.xcassets */; };
		96CE6BBA1B662B9E0053F476 /* LaunchScreen.xib in Resources */ = {isa = PBXBuildFile; fileRef = 96CE6BB81B662B9E0053F476 /* LaunchScreen.xib */; };
		96F1ABC41B6707F800A088F8 /* GpsViewController.swift in Sources */ = {isa = PBXBuildFile; fileRef = 96F1ABC31B6707F800A088F8 /* GpsViewController.swift */; };
		96FCA38A1B68E38B007B5D25 /* SwipeViewController.swift in Sources */ = {isa = PBXBuildFile; fileRef = 96FCA3891B68E38B007B5D25 /* SwipeViewController.swift */; };
/* End PBXBuildFile section */

/* Begin PBXFileReference section */
		9632D10B1E5D1FD100DEB1F4 /* SceneGraphicsViewController.swift */ = {isa = PBXFileReference; fileEncoding = 4; lastKnownFileType = sourcecode.swift; path = SceneGraphicsViewController.swift; sourceTree = "<group>"; };
		9632D10D1E5D21FB00DEB1F4 /* FeatureLayerViewController.swift */ = {isa = PBXFileReference; fileEncoding = 4; lastKnownFileType = sourcecode.swift; path = FeatureLayerViewController.swift; sourceTree = "<group>"; };
		9632D10F1E5D376700DEB1F4 /* ExtrusionRendererViewController.swift */ = {isa = PBXFileReference; fileEncoding = 4; lastKnownFileType = sourcecode.swift; path = ExtrusionRendererViewController.swift; sourceTree = "<group>"; };
		963839351E5EC1670088F077 /* Bristol.3ds */ = {isa = PBXFileReference; lastKnownFileType = file; path = Bristol.3ds; sourceTree = "<group>"; };
		9644B7811E55A078004F505C /* ElevationViewController.swift */ = {isa = PBXFileReference; fileEncoding = 4; lastKnownFileType = sourcecode.swift; path = ElevationViewController.swift; sourceTree = "<group>"; };
		965D07CA1DF90BAC0084B91B /* ArcGIS.bundle */ = {isa = PBXFileReference; lastKnownFileType = "wrapper.plug-in"; name = ArcGIS.bundle; path = ../../../../../Library/SDKs/ArcGIS/iOS/Frameworks/Static/ArcGIS.framework/Versions/Current/Resources/ArcGIS.bundle; sourceTree = "<group>"; };
		969197341E56820C00C0E9EF /* SceneLayerViewController.swift */ = {isa = PBXFileReference; fileEncoding = 4; lastKnownFileType = sourcecode.swift; path = SceneLayerViewController.swift; sourceTree = "<group>"; };
		96A698721D8BB6B1003F53EA /* AppLoginViewController.swift */ = {isa = PBXFileReference; fileEncoding = 4; lastKnownFileType = sourcecode.swift; path = AppLoginViewController.swift; sourceTree = "<group>"; };
		96AF6D701BB5081800625E21 /* SpatialQueryViewController.swift */ = {isa = PBXFileReference; fileEncoding = 4; lastKnownFileType = sourcecode.swift; path = SpatialQueryViewController.swift; sourceTree = "<group>"; };
		96C270191D8A391900F291F9 /* ja */ = {isa = PBXFileReference; lastKnownFileType = text.plist.strings; name = ja; path = ja.lproj/Main.strings; sourceTree = "<group>"; };
		96C2701A1D8A391900F291F9 /* ja */ = {isa = PBXFileReference; lastKnownFileType = text.plist.strings; name = ja; path = ja.lproj/LaunchScreen.strings; sourceTree = "<group>"; };
		96CDC83C1DF8231E00EE0AA9 /* tokyo_yokohama.gpx */ = {isa = PBXFileReference; fileEncoding = 4; lastKnownFileType = text.xml; path = tokyo_yokohama.gpx; sourceTree = "<group>"; };
		96CE6BAA1B662B9E0053F476 /* ArcGISSample.app */ = {isa = PBXFileReference; explicitFileType = wrapper.application; includeInIndex = 0; path = ArcGISSample.app; sourceTree = BUILT_PRODUCTS_DIR; };
		96CE6BAE1B662B9E0053F476 /* Info.plist */ = {isa = PBXFileReference; lastKnownFileType = text.plist.xml; path = Info.plist; sourceTree = "<group>"; };
		96CE6BAF1B662B9E0053F476 /* AppDelegate.swift */ = {isa = PBXFileReference; lastKnownFileType = sourcecode.swift; path = AppDelegate.swift; sourceTree = "<group>"; };
		96CE6BB11B662B9E0053F476 /* TopMenuController.swift */ = {isa = PBXFileReference; lastKnownFileType = sourcecode.swift; path = TopMenuController.swift; sourceTree = "<group>"; };
		96CE6BB41B662B9E0053F476 /* Base */ = {isa = PBXFileReference; lastKnownFileType = file.storyboard; name = Base; path = Base.lproj/Main.storyboard; sourceTree = "<group>"; };
		96CE6BB61B662B9E0053F476 /* Images.xcassets */ = {isa = PBXFileReference; lastKnownFileType = folder.assetcatalog; path = Images.xcassets; sourceTree = "<group>"; };
		96CE6BB91B662B9E0053F476 /* Base */ = {isa = PBXFileReference; lastKnownFileType = file.xib; name = Base; path = Base.lproj/LaunchScreen.xib; sourceTree = "<group>"; };
		96F1ABC31B6707F800A088F8 /* GpsViewController.swift */ = {isa = PBXFileReference; fileEncoding = 4; lastKnownFileType = sourcecode.swift; path = GpsViewController.swift; sourceTree = "<group>"; };
		96FCA3891B68E38B007B5D25 /* SwipeViewController.swift */ = {isa = PBXFileReference; fileEncoding = 4; lastKnownFileType = sourcecode.swift; path = SwipeViewController.swift; sourceTree = "<group>"; };
/* End PBXFileReference section */

/* Begin PBXFrameworksBuildPhase section */
		96CE6BA71B662B9E0053F476 /* Frameworks */ = {
			isa = PBXFrameworksBuildPhase;
			buildActionMask = 2147483647;
			files = (
			);
			runOnlyForDeploymentPostprocessing = 0;
		};
/* End PBXFrameworksBuildPhase section */

/* Begin PBXGroup section */
		96CE6BA11B662B9E0053F476 = {
			isa = PBXGroup;
			children = (
				96CDC83C1DF8231E00EE0AA9 /* tokyo_yokohama.gpx */,
				963839351E5EC1670088F077 /* Bristol.3ds */,
				965D07CA1DF90BAC0084B91B /* ArcGIS.bundle */,
				96CE6BAC1B662B9E0053F476 /* ArcGISSample */,
				96CE6BAB1B662B9E0053F476 /* Products */,
			);
			sourceTree = "<group>";
		};
		96CE6BAB1B662B9E0053F476 /* Products */ = {
			isa = PBXGroup;
			children = (
				96CE6BAA1B662B9E0053F476 /* ArcGISSample.app */,
			);
			name = Products;
			sourceTree = "<group>";
		};
		96CE6BAC1B662B9E0053F476 /* ArcGISSample */ = {
			isa = PBXGroup;
			children = (
				96CE6BAF1B662B9E0053F476 /* AppDelegate.swift */,
				96CE6BB11B662B9E0053F476 /* TopMenuController.swift */,
				96A698721D8BB6B1003F53EA /* AppLoginViewController.swift */,
				96FCA3891B68E38B007B5D25 /* SwipeViewController.swift */,
				96F1ABC31B6707F800A088F8 /* GpsViewController.swift */,
				96AF6D701BB5081800625E21 /* SpatialQueryViewController.swift */,
				9644B7811E55A078004F505C /* ElevationViewController.swift */,
				969197341E56820C00C0E9EF /* SceneLayerViewController.swift */,
				9632D10B1E5D1FD100DEB1F4 /* SceneGraphicsViewController.swift */,
				9632D10D1E5D21FB00DEB1F4 /* FeatureLayerViewController.swift */,
				9632D10F1E5D376700DEB1F4 /* ExtrusionRendererViewController.swift */,
				96CE6BB31B662B9E0053F476 /* Main.storyboard */,
				96CE6BB61B662B9E0053F476 /* Images.xcassets */,
				96CE6BB81B662B9E0053F476 /* LaunchScreen.xib */,
				96CE6BAD1B662B9E0053F476 /* Supporting Files */,
			);
			path = ArcGISSample;
			sourceTree = "<group>";
		};
		96CE6BAD1B662B9E0053F476 /* Supporting Files */ = {
			isa = PBXGroup;
			children = (
				96CE6BAE1B662B9E0053F476 /* Info.plist */,
			);
			name = "Supporting Files";
			sourceTree = "<group>";
		};
/* End PBXGroup section */

/* Begin PBXNativeTarget section */
		96CE6BA91B662B9E0053F476 /* ArcGISSample */ = {
			isa = PBXNativeTarget;
			buildConfigurationList = 96CE6BC91B662B9E0053F476 /* Build configuration list for PBXNativeTarget "ArcGISSample" */;
			buildPhases = (
				96CE6BA61B662B9E0053F476 /* Sources */,
				96CE6BA71B662B9E0053F476 /* Frameworks */,
				96CE6BA81B662B9E0053F476 /* Resources */,
			);
			buildRules = (
			);
			dependencies = (
			);
			name = ArcGISSample;
			productName = ArcGISSample;
			productReference = 96CE6BAA1B662B9E0053F476 /* ArcGISSample.app */;
			productType = "com.apple.product-type.application";
		};
/* End PBXNativeTarget section */

/* Begin PBXProject section */
		96CE6BA21B662B9E0053F476 /* Project object */ = {
			isa = PBXProject;
			attributes = {
				LastSwiftMigration = 0700;
				LastSwiftUpdateCheck = 0700;
				LastUpgradeCheck = 0800;
				ORGANIZATIONNAME = esrij;
				TargetAttributes = {
					96CE6BA91B662B9E0053F476 = {
						CreatedOnToolsVersion = 6.4;
						LastSwiftMigration = 0800;
						ProvisioningStyle = Automatic;
						SystemCapabilities = {
							com.apple.BackgroundModes = {
								enabled = 0;
							};
						};
					};
				};
			};
			buildConfigurationList = 96CE6BA51B662B9E0053F476 /* Build configuration list for PBXProject "ArcGISSample" */;
			compatibilityVersion = "Xcode 3.2";
			developmentRegion = English;
			hasScannedForEncodings = 0;
			knownRegions = (
				en,
				Base,
			);
			mainGroup = 96CE6BA11B662B9E0053F476;
			productRefGroup = 96CE6BAB1B662B9E0053F476 /* Products */;
			projectDirPath = "";
			projectRoot = "";
			targets = (
				96CE6BA91B662B9E0053F476 /* ArcGISSample */,
			);
		};
/* End PBXProject section */

/* Begin PBXResourcesBuildPhase section */
		96CE6BA81B662B9E0053F476 /* Resources */ = {
			isa = PBXResourcesBuildPhase;
			buildActionMask = 2147483647;
			files = (
				965D07CB1DF90BAC0084B91B /* ArcGIS.bundle in Resources */,
				96CE6BB51B662B9E0053F476 /* Main.storyboard in Resources */,
				963839361E5EC1670088F077 /* Bristol.3ds in Resources */,
				96CE6BBA1B662B9E0053F476 /* LaunchScreen.xib in Resources */,
				96CDC83D1DF8231E00EE0AA9 /* tokyo_yokohama.gpx in Resources */,
				96CE6BB71B662B9E0053F476 /* Images.xcassets in Resources */,
			);
			runOnlyForDeploymentPostprocessing = 0;
		};
/* End PBXResourcesBuildPhase section */

/* Begin PBXSourcesBuildPhase section */
		96CE6BA61B662B9E0053F476 /* Sources */ = {
			isa = PBXSourcesBuildPhase;
			buildActionMask = 2147483647;
			files = (
				969197351E56820C00C0E9EF /* SceneLayerViewController.swift in Sources */,
				96CE6BB21B662B9E0053F476 /* TopMenuController.swift in Sources */,
				96F1ABC41B6707F800A088F8 /* GpsViewController.swift in Sources */,
				96AF6D711BB5081800625E21 /* SpatialQueryViewController.swift in Sources */,
				9632D10E1E5D21FB00DEB1F4 /* FeatureLayerViewController.swift in Sources */,
				96CE6BB01B662B9E0053F476 /* AppDelegate.swift in Sources */,
				9632D10C1E5D1FD100DEB1F4 /* SceneGraphicsViewController.swift in Sources */,
				9632D1101E5D376700DEB1F4 /* ExtrusionRendererViewController.swift in Sources */,
				96FCA38A1B68E38B007B5D25 /* SwipeViewController.swift in Sources */,
				96A698731D8BB6B1003F53EA /* AppLoginViewController.swift in Sources */,
				9644B7821E55A078004F505C /* ElevationViewController.swift in Sources */,
			);
			runOnlyForDeploymentPostprocessing = 0;
		};
/* End PBXSourcesBuildPhase section */

/* Begin PBXVariantGroup section */
		96CE6BB31B662B9E0053F476 /* Main.storyboard */ = {
			isa = PBXVariantGroup;
			children = (
				96CE6BB41B662B9E0053F476 /* Base */,
				96C270191D8A391900F291F9 /* ja */,
			);
			name = Main.storyboard;
			sourceTree = "<group>";
		};
		96CE6BB81B662B9E0053F476 /* LaunchScreen.xib */ = {
			isa = PBXVariantGroup;
			children = (
				96CE6BB91B662B9E0053F476 /* Base */,
				96C2701A1D8A391900F291F9 /* ja */,
			);
			name = LaunchScreen.xib;
			sourceTree = "<group>";
		};
/* End PBXVariantGroup section */

/* Begin XCBuildConfiguration section */
		96CE6BC71B662B9E0053F476 /* Debug */ = {
			isa = XCBuildConfiguration;
			buildSettings = {
				ALWAYS_SEARCH_USER_PATHS = NO;
				CLANG_ANALYZER_LOCALIZABILITY_NONLOCALIZED = YES;
				CLANG_CXX_LANGUAGE_STANDARD = "gnu++0x";
				CLANG_CXX_LIBRARY = "libc++";
				CLANG_ENABLE_MODULES = YES;
				CLANG_ENABLE_OBJC_ARC = YES;
				CLANG_WARN_BOOL_CONVERSION = YES;
				CLANG_WARN_CONSTANT_CONVERSION = YES;
				CLANG_WARN_DIRECT_OBJC_ISA_USAGE = YES_ERROR;
				CLANG_WARN_EMPTY_BODY = YES;
				CLANG_WARN_ENUM_CONVERSION = YES;
				CLANG_WARN_INFINITE_RECURSION = YES;
				CLANG_WARN_INT_CONVERSION = YES;
				CLANG_WARN_OBJC_ROOT_CLASS = YES_ERROR;
				CLANG_WARN_SUSPICIOUS_MOVE = YES;
				CLANG_WARN_UNREACHABLE_CODE = YES;
				CLANG_WARN__DUPLICATE_METHOD_MATCH = YES;
				"CODE_SIGN_IDENTITY[sdk=iphoneos*]" = "iPhone Developer";
				COPY_PHASE_STRIP = NO;
				DEBUG_INFORMATION_FORMAT = "dwarf-with-dsym";
				ENABLE_STRICT_OBJC_MSGSEND = YES;
				ENABLE_TESTABILITY = YES;
				FRAMEWORK_SEARCH_PATHS = "";
				GCC_C_LANGUAGE_STANDARD = gnu99;
				GCC_DYNAMIC_NO_PIC = NO;
				GCC_NO_COMMON_BLOCKS = YES;
				GCC_OPTIMIZATION_LEVEL = 0;
				GCC_PREPROCESSOR_DEFINITIONS = (
					"DEBUG=1",
					"$(inherited)",
				);
				GCC_SYMBOLS_PRIVATE_EXTERN = NO;
				GCC_WARN_64_TO_32_BIT_CONVERSION = YES;
				GCC_WARN_ABOUT_RETURN_TYPE = YES_ERROR;
				GCC_WARN_UNDECLARED_SELECTOR = YES;
				GCC_WARN_UNINITIALIZED_AUTOS = YES_AGGRESSIVE;
				GCC_WARN_UNUSED_FUNCTION = YES;
				GCC_WARN_UNUSED_VARIABLE = YES;
				IPHONEOS_DEPLOYMENT_TARGET = 9.0;
				MTL_ENABLE_DEBUG_INFO = YES;
				ONLY_ACTIVE_ARCH = YES;
				SDKROOT = iphoneos;
				SWIFT_OPTIMIZATION_LEVEL = "-Onone";
				TARGETED_DEVICE_FAMILY = "1,2";
				VALID_ARCHS = "armv7 armv7s arm64";
			};
			name = Debug;
		};
		96CE6BC81B662B9E0053F476 /* Release */ = {
			isa = XCBuildConfiguration;
			buildSettings = {
				ALWAYS_SEARCH_USER_PATHS = NO;
				CLANG_ANALYZER_LOCALIZABILITY_NONLOCALIZED = YES;
				CLANG_CXX_LANGUAGE_STANDARD = "gnu++0x";
				CLANG_CXX_LIBRARY = "libc++";
				CLANG_ENABLE_MODULES = YES;
				CLANG_ENABLE_OBJC_ARC = YES;
				CLANG_WARN_BOOL_CONVERSION = YES;
				CLANG_WARN_CONSTANT_CONVERSION = YES;
				CLANG_WARN_DIRECT_OBJC_ISA_USAGE = YES_ERROR;
				CLANG_WARN_EMPTY_BODY = YES;
				CLANG_WARN_ENUM_CONVERSION = YES;
				CLANG_WARN_INFINITE_RECURSION = YES;
				CLANG_WARN_INT_CONVERSION = YES;
				CLANG_WARN_OBJC_ROOT_CLASS = YES_ERROR;
				CLANG_WARN_SUSPICIOUS_MOVE = YES;
				CLANG_WARN_UNREACHABLE_CODE = YES;
				CLANG_WARN__DUPLICATE_METHOD_MATCH = YES;
				"CODE_SIGN_IDENTITY[sdk=iphoneos*]" = "iPhone Developer";
				COPY_PHASE_STRIP = NO;
				DEBUG_INFORMATION_FORMAT = "dwarf-with-dsym";
				ENABLE_NS_ASSERTIONS = NO;
				ENABLE_STRICT_OBJC_MSGSEND = YES;
				FRAMEWORK_SEARCH_PATHS = "";
				GCC_C_LANGUAGE_STANDARD = gnu99;
				GCC_NO_COMMON_BLOCKS = YES;
				GCC_WARN_64_TO_32_BIT_CONVERSION = YES;
				GCC_WARN_ABOUT_RETURN_TYPE = YES_ERROR;
				GCC_WARN_UNDECLARED_SELECTOR = YES;
				GCC_WARN_UNINITIALIZED_AUTOS = YES_AGGRESSIVE;
				GCC_WARN_UNUSED_FUNCTION = YES;
				GCC_WARN_UNUSED_VARIABLE = YES;
				IPHONEOS_DEPLOYMENT_TARGET = 9.0;
				MTL_ENABLE_DEBUG_INFO = NO;
				ONLY_ACTIVE_ARCH = YES;
				SDKROOT = iphoneos;
				SWIFT_OPTIMIZATION_LEVEL = "-Owholemodule";
				TARGETED_DEVICE_FAMILY = "1,2";
				VALIDATE_PRODUCT = YES;
				VALID_ARCHS = "armv7 armv7s arm64";
			};
			name = Release;
		};
		96CE6BCA1B662B9E0053F476 /* Debug */ = {
			isa = XCBuildConfiguration;
			buildSettings = {
				ASSETCATALOG_COMPILER_APPICON_NAME = AppIcon;
				"CODE_SIGN_IDENTITY[sdk=iphoneos*]" = "iPhone Developer";
				DEVELOPMENT_TEAM = "";
				ENABLE_BITCODE = NO;
				FRAMEWORK_SEARCH_PATHS = "$(HOME)/Library/SDKs/ArcGIS/iOS/Frameworks/Static";
				INFOPLIST_FILE = ArcGISSample/Info.plist;
				IPHONEOS_DEPLOYMENT_TARGET = 9.0;
				LD_RUNPATH_SEARCH_PATHS = "$(inherited) @executable_path/Frameworks";
				ONLY_ACTIVE_ARCH = YES;
				OTHER_LDFLAGS = (
					"-ObjC",
					"-framework",
					ArcGIS,
					"-l",
					"c++",
				);
				PRODUCT_BUNDLE_IDENTIFIER = "esrij.$(PRODUCT_NAME:rfc1034identifier)";
				PRODUCT_NAME = "$(TARGET_NAME)";
				SWIFT_VERSION = 3.0;
				TARGETED_DEVICE_FAMILY = "1,2";
				VALID_ARCHS = "armv7 armv7s arm64";
				"VALID_ARCHS[sdk=*]" = "armv7 armv7s arm64";
			};
			name = Debug;
		};
		96CE6BCB1B662B9E0053F476 /* Release */ = {
			isa = XCBuildConfiguration;
			buildSettings = {
				ASSETCATALOG_COMPILER_APPICON_NAME = AppIcon;
				"CODE_SIGN_IDENTITY[sdk=iphoneos*]" = "iPhone Developer";
				DEVELOPMENT_TEAM = "";
				ENABLE_BITCODE = NO;
				FRAMEWORK_SEARCH_PATHS = "$(HOME)/Library/SDKs/ArcGIS/iOS/Frameworks/Static";
				INFOPLIST_FILE = ArcGISSample/Info.plist;
				IPHONEOS_DEPLOYMENT_TARGET = 9.0;
				LD_RUNPATH_SEARCH_PATHS = "$(inherited) @executable_path/Frameworks";
				ONLY_ACTIVE_ARCH = YES;
				OTHER_LDFLAGS = (
					"-ObjC",
					"-framework",
					ArcGIS,
					"-l",
					"c++",
				);
				PRODUCT_BUNDLE_IDENTIFIER = "esrij.$(PRODUCT_NAME:rfc1034identifier)";
				PRODUCT_NAME = "$(TARGET_NAME)";
				SWIFT_VERSION = 3.0;
				TARGETED_DEVICE_FAMILY = "1,2";
				VALID_ARCHS = "armv7 armv7s arm64";
			};
			name = Release;
		};
/* End XCBuildConfiguration section */

/* Begin XCConfigurationList section */
		96CE6BA51B662B9E0053F476 /* Build configuration list for PBXProject "ArcGISSample" */ = {
			isa = XCConfigurationList;
			buildConfigurations = (
				96CE6BC71B662B9E0053F476 /* Debug */,
				96CE6BC81B662B9E0053F476 /* Release */,
			);
			defaultConfigurationIsVisible = 0;
			defaultConfigurationName = Release;
		};
		96CE6BC91B662B9E0053F476 /* Build configuration list for PBXNativeTarget "ArcGISSample" */ = {
			isa = XCConfigurationList;
			buildConfigurations = (
				96CE6BCA1B662B9E0053F476 /* Debug */,
				96CE6BCB1B662B9E0053F476 /* Release */,
			);
			defaultConfigurationIsVisible = 0;
			defaultConfigurationName = Release;
		};
/* End XCConfigurationList section */
	};
	rootObject = 96CE6BA21B662B9E0053F476 /* Project object */;
}
