// !$*UTF8*$!
{
	archiveVersion = 1;
	classes = {
	};
	objectVersion = 46;
	objects = {

/* Begin PBXBuildFile section */
		967E08051B6F1BED00DA8F19 /* ArcGIS.bundle in Resources */ = {isa = PBXBuildFile; fileRef = 967E08041B6F1BED00DA8F19 /* ArcGIS.bundle */; };
		96DFE13D1B6603E2007A7F6D /* main.m in Sources */ = {isa = PBXBuildFile; fileRef = 96DFE13C1B6603E2007A7F6D /* main.m */; };
		96DFE1401B6603E2007A7F6D /* AppDelegate.m in Sources */ = {isa = PBXBuildFile; fileRef = 96DFE13F1B6603E2007A7F6D /* AppDelegate.m */; };
		96DFE1431B6603E2007A7F6D /* TopMenuController.m in Sources */ = {isa = PBXBuildFile; fileRef = 96DFE1421B6603E2007A7F6D /* TopMenuController.m */; };
		96DFE1481B6603E2007A7F6D /* Images.xcassets in Resources */ = {isa = PBXBuildFile; fileRef = 96DFE1471B6603E2007A7F6D /* Images.xcassets */; };
		96DFE14B1B6603E2007A7F6D /* LaunchScreen.xib in Resources */ = {isa = PBXBuildFile; fileRef = 96DFE1491B6603E2007A7F6D /* LaunchScreen.xib */; };
		96DFE1E01B660FB0007A7F6D /* AttachmentManagerViewController.m in Sources */ = {isa = PBXBuildFile; fileRef = 96DFE1A31B660FB0007A7F6D /* AttachmentManagerViewController.m */; };
		96DFE1E21B660FB0007A7F6D /* CoordinateConversionViewController.m in Sources */ = {isa = PBXBuildFile; fileRef = 96DFE1A91B660FB0007A7F6D /* CoordinateConversionViewController.m */; };
		96DFE1E31B660FB0007A7F6D /* CustomSymbolViewController.m in Sources */ = {isa = PBXBuildFile; fileRef = 96DFE1AC1B660FB0007A7F6D /* CustomSymbolViewController.m */; };
		96DFE1E41B660FB0007A7F6D /* GpsViewController.m in Sources */ = {isa = PBXBuildFile; fileRef = 96DFE1AF1B660FB0007A7F6D /* GpsViewController.m */; };
		96DFE1E51B660FB0007A7F6D /* JsonViewController.m in Sources */ = {isa = PBXBuildFile; fileRef = 96DFE1B21B660FB0007A7F6D /* JsonViewController.m */; };
		96DFE1E61B660FB0007A7F6D /* LayersViewController.m in Sources */ = {isa = PBXBuildFile; fileRef = 96DFE1B51B660FB0007A7F6D /* LayersViewController.m */; };
		96DFE1E71B660FB0007A7F6D /* LegendViewController.m in Sources */ = {isa = PBXBuildFile; fileRef = 96DFE1B81B660FB0007A7F6D /* LegendViewController.m */; };
		96DFE1E81B660FB0007A7F6D /* LocatorViewController.m in Sources */ = {isa = PBXBuildFile; fileRef = 96DFE1BB1B660FB0007A7F6D /* LocatorViewController.m */; };
		96DFE1E91B660FB0007A7F6D /* MagnifierViewController.m in Sources */ = {isa = PBXBuildFile; fileRef = 96DFE1BE1B660FB0007A7F6D /* MagnifierViewController.m */; };
		96DFE1EA1B660FB0007A7F6D /* NetworkViewController.m in Sources */ = {isa = PBXBuildFile; fileRef = 96DFE1C11B660FB0007A7F6D /* NetworkViewController.m */; };
		96DFE1EB1B660FB0007A7F6D /* PerspectiveViewController.m in Sources */ = {isa = PBXBuildFile; fileRef = 96DFE1C41B660FB0007A7F6D /* PerspectiveViewController.m */; };
		96DFE1EC1B660FB0007A7F6D /* RotationRendererViewController.m in Sources */ = {isa = PBXBuildFile; fileRef = 96DFE1C71B660FB0007A7F6D /* RotationRendererViewController.m */; };
		96DFE1ED1B660FB0007A7F6D /* SearchViewController.m in Sources */ = {isa = PBXBuildFile; fileRef = 96DFE1CA1B660FB0007A7F6D /* SearchViewController.m */; };
		96DFE1EE1B660FB0007A7F6D /* SensorViewController.m in Sources */ = {isa = PBXBuildFile; fileRef = 96DFE1CD1B660FB0007A7F6D /* SensorViewController.m */; };
		96DFE1EF1B660FB0007A7F6D /* ServiceAreaViewController.m in Sources */ = {isa = PBXBuildFile; fileRef = 96DFE1D01B660FB0007A7F6D /* ServiceAreaViewController.m */; };
		96DFE1F01B660FB0007A7F6D /* SketchViewController.m in Sources */ = {isa = PBXBuildFile; fileRef = 96DFE1D31B660FB0007A7F6D /* SketchViewController.m */; };
		96DFE1F11B660FB0007A7F6D /* SwipeViewController.m in Sources */ = {isa = PBXBuildFile; fileRef = 96DFE1D61B660FB0007A7F6D /* SwipeViewController.m */; };
		96DFE1F21B660FB0007A7F6D /* TimeViewController.m in Sources */ = {isa = PBXBuildFile; fileRef = 96DFE1D91B660FB0007A7F6D /* TimeViewController.m */; };
		96DFE1F31B660FB0007A7F6D /* WebmapViewController.m in Sources */ = {isa = PBXBuildFile; fileRef = 96DFE1DC1B660FB0007A7F6D /* WebmapViewController.m */; };
		96DFE1F41B660FB0007A7F6D /* WmsViewController.m in Sources */ = {isa = PBXBuildFile; fileRef = 96DFE1DF1B660FB0007A7F6D /* WmsViewController.m */; };
		96F1ABCA1B67780300A088F8 /* tokyo_yokohama.gpx in Resources */ = {isa = PBXBuildFile; fileRef = 96F1ABC91B67780300A088F8 /* tokyo_yokohama.gpx */; };
/* End PBXBuildFile section */

/* Begin PBXFileReference section */
		967E08041B6F1BED00DA8F19 /* ArcGIS.bundle */ = {isa = PBXFileReference; lastKnownFileType = "wrapper.plug-in"; path = ArcGIS.bundle; sourceTree = "<group>"; };
		96DFE1371B6603E2007A7F6D /* ArcGISSample.app */ = {isa = PBXFileReference; explicitFileType = wrapper.application; includeInIndex = 0; path = ArcGISSample.app; sourceTree = BUILT_PRODUCTS_DIR; };
		96DFE13B1B6603E2007A7F6D /* Info.plist */ = {isa = PBXFileReference; lastKnownFileType = text.plist.xml; path = Info.plist; sourceTree = "<group>"; };
		96DFE13C1B6603E2007A7F6D /* main.m */ = {isa = PBXFileReference; lastKnownFileType = sourcecode.c.objc; path = main.m; sourceTree = "<group>"; };
		96DFE13E1B6603E2007A7F6D /* AppDelegate.h */ = {isa = PBXFileReference; lastKnownFileType = sourcecode.c.h; path = AppDelegate.h; sourceTree = "<group>"; };
		96DFE13F1B6603E2007A7F6D /* AppDelegate.m */ = {isa = PBXFileReference; lastKnownFileType = sourcecode.c.objc; path = AppDelegate.m; sourceTree = "<group>"; };
		96DFE1411B6603E2007A7F6D /* TopMenuController.h */ = {isa = PBXFileReference; lastKnownFileType = sourcecode.c.h; path = TopMenuController.h; sourceTree = "<group>"; };
		96DFE1421B6603E2007A7F6D /* TopMenuController.m */ = {isa = PBXFileReference; lastKnownFileType = sourcecode.c.objc; path = TopMenuController.m; sourceTree = "<group>"; };
		96DFE1471B6603E2007A7F6D /* Images.xcassets */ = {isa = PBXFileReference; lastKnownFileType = folder.assetcatalog; path = Images.xcassets; sourceTree = "<group>"; };
		96DFE14A1B6603E2007A7F6D /* Base */ = {isa = PBXFileReference; lastKnownFileType = file.xib; name = Base; path = Base.lproj/LaunchScreen.xib; sourceTree = "<group>"; };
		96DFE1A21B660FB0007A7F6D /* AttachmentManagerViewController.h */ = {isa = PBXFileReference; fileEncoding = 4; lastKnownFileType = sourcecode.c.h; path = AttachmentManagerViewController.h; sourceTree = "<group>"; };
		96DFE1A31B660FB0007A7F6D /* AttachmentManagerViewController.m */ = {isa = PBXFileReference; fileEncoding = 4; lastKnownFileType = sourcecode.c.objc; path = AttachmentManagerViewController.m; sourceTree = "<group>"; };
		96DFE1A81B660FB0007A7F6D /* CoordinateConversionViewController.h */ = {isa = PBXFileReference; fileEncoding = 4; lastKnownFileType = sourcecode.c.h; path = CoordinateConversionViewController.h; sourceTree = "<group>"; };
		96DFE1A91B660FB0007A7F6D /* CoordinateConversionViewController.m */ = {isa = PBXFileReference; fileEncoding = 4; lastKnownFileType = sourcecode.c.objc; path = CoordinateConversionViewController.m; sourceTree = "<group>"; };
		96DFE1AB1B660FB0007A7F6D /* CustomSymbolViewController.h */ = {isa = PBXFileReference; fileEncoding = 4; lastKnownFileType = sourcecode.c.h; path = CustomSymbolViewController.h; sourceTree = "<group>"; };
		96DFE1AC1B660FB0007A7F6D /* CustomSymbolViewController.m */ = {isa = PBXFileReference; fileEncoding = 4; lastKnownFileType = sourcecode.c.objc; path = CustomSymbolViewController.m; sourceTree = "<group>"; };
		96DFE1AE1B660FB0007A7F6D /* GpsViewController.h */ = {isa = PBXFileReference; fileEncoding = 4; lastKnownFileType = sourcecode.c.h; path = GpsViewController.h; sourceTree = "<group>"; };
		96DFE1AF1B660FB0007A7F6D /* GpsViewController.m */ = {isa = PBXFileReference; fileEncoding = 4; lastKnownFileType = sourcecode.c.objc; path = GpsViewController.m; sourceTree = "<group>"; };
		96DFE1B11B660FB0007A7F6D /* JsonViewController.h */ = {isa = PBXFileReference; fileEncoding = 4; lastKnownFileType = sourcecode.c.h; path = JsonViewController.h; sourceTree = "<group>"; };
		96DFE1B21B660FB0007A7F6D /* JsonViewController.m */ = {isa = PBXFileReference; fileEncoding = 4; lastKnownFileType = sourcecode.c.objc; path = JsonViewController.m; sourceTree = "<group>"; };
		96DFE1B41B660FB0007A7F6D /* LayersViewController.h */ = {isa = PBXFileReference; fileEncoding = 4; lastKnownFileType = sourcecode.c.h; path = LayersViewController.h; sourceTree = "<group>"; };
		96DFE1B51B660FB0007A7F6D /* LayersViewController.m */ = {isa = PBXFileReference; fileEncoding = 4; lastKnownFileType = sourcecode.c.objc; path = LayersViewController.m; sourceTree = "<group>"; };
		96DFE1B71B660FB0007A7F6D /* LegendViewController.h */ = {isa = PBXFileReference; fileEncoding = 4; lastKnownFileType = sourcecode.c.h; path = LegendViewController.h; sourceTree = "<group>"; };
		96DFE1B81B660FB0007A7F6D /* LegendViewController.m */ = {isa = PBXFileReference; fileEncoding = 4; lastKnownFileType = sourcecode.c.objc; path = LegendViewController.m; sourceTree = "<group>"; };
		96DFE1BA1B660FB0007A7F6D /* LocatorViewController.h */ = {isa = PBXFileReference; fileEncoding = 4; lastKnownFileType = sourcecode.c.h; path = LocatorViewController.h; sourceTree = "<group>"; };
		96DFE1BB1B660FB0007A7F6D /* LocatorViewController.m */ = {isa = PBXFileReference; fileEncoding = 4; lastKnownFileType = sourcecode.c.objc; path = LocatorViewController.m; sourceTree = "<group>"; };
		96DFE1BD1B660FB0007A7F6D /* MagnifierViewController.h */ = {isa = PBXFileReference; fileEncoding = 4; lastKnownFileType = sourcecode.c.h; path = MagnifierViewController.h; sourceTree = "<group>"; };
		96DFE1BE1B660FB0007A7F6D /* MagnifierViewController.m */ = {isa = PBXFileReference; fileEncoding = 4; lastKnownFileType = sourcecode.c.objc; path = MagnifierViewController.m; sourceTree = "<group>"; };
		96DFE1C01B660FB0007A7F6D /* NetworkViewController.h */ = {isa = PBXFileReference; fileEncoding = 4; lastKnownFileType = sourcecode.c.h; path = NetworkViewController.h; sourceTree = "<group>"; };
		96DFE1C11B660FB0007A7F6D /* NetworkViewController.m */ = {isa = PBXFileReference; fileEncoding = 4; lastKnownFileType = sourcecode.c.objc; path = NetworkViewController.m; sourceTree = "<group>"; };
		96DFE1C31B660FB0007A7F6D /* PerspectiveViewController.h */ = {isa = PBXFileReference; fileEncoding = 4; lastKnownFileType = sourcecode.c.h; path = PerspectiveViewController.h; sourceTree = "<group>"; };
		96DFE1C41B660FB0007A7F6D /* PerspectiveViewController.m */ = {isa = PBXFileReference; fileEncoding = 4; lastKnownFileType = sourcecode.c.objc; path = PerspectiveViewController.m; sourceTree = "<group>"; };
		96DFE1C61B660FB0007A7F6D /* RotationRendererViewController.h */ = {isa = PBXFileReference; fileEncoding = 4; lastKnownFileType = sourcecode.c.h; path = RotationRendererViewController.h; sourceTree = "<group>"; };
		96DFE1C71B660FB0007A7F6D /* RotationRendererViewController.m */ = {isa = PBXFileReference; fileEncoding = 4; lastKnownFileType = sourcecode.c.objc; path = RotationRendererViewController.m; sourceTree = "<group>"; };
		96DFE1C91B660FB0007A7F6D /* SearchViewController.h */ = {isa = PBXFileReference; fileEncoding = 4; lastKnownFileType = sourcecode.c.h; path = SearchViewController.h; sourceTree = "<group>"; };
		96DFE1CA1B660FB0007A7F6D /* SearchViewController.m */ = {isa = PBXFileReference; fileEncoding = 4; lastKnownFileType = sourcecode.c.objc; path = SearchViewController.m; sourceTree = "<group>"; };
		96DFE1CC1B660FB0007A7F6D /* SensorViewController.h */ = {isa = PBXFileReference; fileEncoding = 4; lastKnownFileType = sourcecode.c.h; path = SensorViewController.h; sourceTree = "<group>"; };
		96DFE1CD1B660FB0007A7F6D /* SensorViewController.m */ = {isa = PBXFileReference; fileEncoding = 4; lastKnownFileType = sourcecode.c.objc; path = SensorViewController.m; sourceTree = "<group>"; };
		96DFE1CF1B660FB0007A7F6D /* ServiceAreaViewController.h */ = {isa = PBXFileReference; fileEncoding = 4; lastKnownFileType = sourcecode.c.h; path = ServiceAreaViewController.h; sourceTree = "<group>"; };
		96DFE1D01B660FB0007A7F6D /* ServiceAreaViewController.m */ = {isa = PBXFileReference; fileEncoding = 4; lastKnownFileType = sourcecode.c.objc; path = ServiceAreaViewController.m; sourceTree = "<group>"; };
		96DFE1D21B660FB0007A7F6D /* SketchViewController.h */ = {isa = PBXFileReference; fileEncoding = 4; lastKnownFileType = sourcecode.c.h; path = SketchViewController.h; sourceTree = "<group>"; };
		96DFE1D31B660FB0007A7F6D /* SketchViewController.m */ = {isa = PBXFileReference; fileEncoding = 4; lastKnownFileType = sourcecode.c.objc; path = SketchViewController.m; sourceTree = "<group>"; };
		96DFE1D51B660FB0007A7F6D /* SwipeViewController.h */ = {isa = PBXFileReference; fileEncoding = 4; lastKnownFileType = sourcecode.c.h; path = SwipeViewController.h; sourceTree = "<group>"; };
		96DFE1D61B660FB0007A7F6D /* SwipeViewController.m */ = {isa = PBXFileReference; fileEncoding = 4; lastKnownFileType = sourcecode.c.objc; path = SwipeViewController.m; sourceTree = "<group>"; };
		96DFE1D81B660FB0007A7F6D /* TimeViewController.h */ = {isa = PBXFileReference; fileEncoding = 4; lastKnownFileType = sourcecode.c.h; path = TimeViewController.h; sourceTree = "<group>"; };
		96DFE1D91B660FB0007A7F6D /* TimeViewController.m */ = {isa = PBXFileReference; fileEncoding = 4; lastKnownFileType = sourcecode.c.objc; path = TimeViewController.m; sourceTree = "<group>"; };
		96DFE1DB1B660FB0007A7F6D /* WebmapViewController.h */ = {isa = PBXFileReference; fileEncoding = 4; lastKnownFileType = sourcecode.c.h; path = WebmapViewController.h; sourceTree = "<group>"; };
		96DFE1DC1B660FB0007A7F6D /* WebmapViewController.m */ = {isa = PBXFileReference; fileEncoding = 4; lastKnownFileType = sourcecode.c.objc; path = WebmapViewController.m; sourceTree = "<group>"; };
		96DFE1DE1B660FB0007A7F6D /* WmsViewController.h */ = {isa = PBXFileReference; fileEncoding = 4; lastKnownFileType = sourcecode.c.h; path = WmsViewController.h; sourceTree = "<group>"; };
		96DFE1DF1B660FB0007A7F6D /* WmsViewController.m */ = {isa = PBXFileReference; fileEncoding = 4; lastKnownFileType = sourcecode.c.objc; path = WmsViewController.m; sourceTree = "<group>"; };
		96F1ABC91B67780300A088F8 /* tokyo_yokohama.gpx */ = {isa = PBXFileReference; fileEncoding = 4; lastKnownFileType = text.xml; path = tokyo_yokohama.gpx; sourceTree = "<group>"; };
/* End PBXFileReference section */

/* Begin PBXFrameworksBuildPhase section */
		96DFE1341B6603E2007A7F6D /* Frameworks */ = {
			isa = PBXFrameworksBuildPhase;
			buildActionMask = 2147483647;
			files = (
			);
			runOnlyForDeploymentPostprocessing = 0;
		};
/* End PBXFrameworksBuildPhase section */

/* Begin PBXGroup section */
		96DFE12E1B6603E2007A7F6D = {
			isa = PBXGroup;
			children = (
				967E08041B6F1BED00DA8F19 /* ArcGIS.bundle */,
				96F1ABC91B67780300A088F8 /* tokyo_yokohama.gpx */,
				96DFE1A11B660FB0007A7F6D /* AttachmentManager */,
				96DFE1A71B660FB0007A7F6D /* CoordinateConversion */,
				96DFE1AA1B660FB0007A7F6D /* CustomSymbol */,
				96DFE1AD1B660FB0007A7F6D /* Gps */,
				96DFE1B01B660FB0007A7F6D /* Json */,
				96DFE1B31B660FB0007A7F6D /* Layers */,
				96DFE1B61B660FB0007A7F6D /* Legend */,
				96DFE1B91B660FB0007A7F6D /* Locator */,
				96DFE1BC1B660FB0007A7F6D /* Magnifier */,
				96DFE1BF1B660FB0007A7F6D /* Network */,
				96DFE1C21B660FB0007A7F6D /* Perspective */,
				96DFE1C51B660FB0007A7F6D /* RotationRenderer */,
				96DFE1C81B660FB0007A7F6D /* Search */,
				96DFE1CB1B660FB0007A7F6D /* Sensor */,
				96DFE1CE1B660FB0007A7F6D /* ServiceArea */,
				96DFE1D11B660FB0007A7F6D /* Sketch */,
				96DFE1D41B660FB0007A7F6D /* Swipe */,
				96DFE1D71B660FB0007A7F6D /* Time */,
				96DFE1DA1B660FB0007A7F6D /* Webmap */,
				96DFE1DD1B660FB0007A7F6D /* Wms */,
				96DFE1391B6603E2007A7F6D /* ArcGISSample */,
				96DFE1381B6603E2007A7F6D /* Products */,
			);
			sourceTree = "<group>";
		};
		96DFE1381B6603E2007A7F6D /* Products */ = {
			isa = PBXGroup;
			children = (
				96DFE1371B6603E2007A7F6D /* ArcGISSample.app */,
			);
			name = Products;
			sourceTree = "<group>";
		};
		96DFE1391B6603E2007A7F6D /* ArcGISSample */ = {
			isa = PBXGroup;
			children = (
				96DFE13E1B6603E2007A7F6D /* AppDelegate.h */,
				96DFE13F1B6603E2007A7F6D /* AppDelegate.m */,
				96DFE1411B6603E2007A7F6D /* TopMenuController.h */,
				96DFE1421B6603E2007A7F6D /* TopMenuController.m */,
				96DFE1471B6603E2007A7F6D /* Images.xcassets */,
				96DFE1491B6603E2007A7F6D /* LaunchScreen.xib */,
				96DFE13A1B6603E2007A7F6D /* Supporting Files */,
			);
			path = ArcGISSample;
			sourceTree = "<group>";
		};
		96DFE13A1B6603E2007A7F6D /* Supporting Files */ = {
			isa = PBXGroup;
			children = (
				96DFE13B1B6603E2007A7F6D /* Info.plist */,
				96DFE13C1B6603E2007A7F6D /* main.m */,
			);
			name = "Supporting Files";
			sourceTree = "<group>";
		};
		96DFE1A11B660FB0007A7F6D /* AttachmentManager */ = {
			isa = PBXGroup;
			children = (
				96DFE1A21B660FB0007A7F6D /* AttachmentManagerViewController.h */,
				96DFE1A31B660FB0007A7F6D /* AttachmentManagerViewController.m */,
			);
			name = AttachmentManager;
			path = ArcGISSample/AttachmentManager;
			sourceTree = "<group>";
		};
		96DFE1A71B660FB0007A7F6D /* CoordinateConversion */ = {
			isa = PBXGroup;
			children = (
				96DFE1A81B660FB0007A7F6D /* CoordinateConversionViewController.h */,
				96DFE1A91B660FB0007A7F6D /* CoordinateConversionViewController.m */,
			);
			name = CoordinateConversion;
			path = ArcGISSample/CoordinateConversion;
			sourceTree = "<group>";
		};
		96DFE1AA1B660FB0007A7F6D /* CustomSymbol */ = {
			isa = PBXGroup;
			children = (
				96DFE1AB1B660FB0007A7F6D /* CustomSymbolViewController.h */,
				96DFE1AC1B660FB0007A7F6D /* CustomSymbolViewController.m */,
			);
			name = CustomSymbol;
			path = ArcGISSample/CustomSymbol;
			sourceTree = "<group>";
		};
		96DFE1AD1B660FB0007A7F6D /* Gps */ = {
			isa = PBXGroup;
			children = (
				96DFE1AE1B660FB0007A7F6D /* GpsViewController.h */,
				96DFE1AF1B660FB0007A7F6D /* GpsViewController.m */,
			);
			name = Gps;
			path = ArcGISSample/Gps;
			sourceTree = "<group>";
		};
		96DFE1B01B660FB0007A7F6D /* Json */ = {
			isa = PBXGroup;
			children = (
				96DFE1B11B660FB0007A7F6D /* JsonViewController.h */,
				96DFE1B21B660FB0007A7F6D /* JsonViewController.m */,
			);
			name = Json;
			path = ArcGISSample/Json;
			sourceTree = "<group>";
		};
		96DFE1B31B660FB0007A7F6D /* Layers */ = {
			isa = PBXGroup;
			children = (
				96DFE1B41B660FB0007A7F6D /* LayersViewController.h */,
				96DFE1B51B660FB0007A7F6D /* LayersViewController.m */,
			);
			name = Layers;
			path = ArcGISSample/Layers;
			sourceTree = "<group>";
		};
		96DFE1B61B660FB0007A7F6D /* Legend */ = {
			isa = PBXGroup;
			children = (
				96DFE1B71B660FB0007A7F6D /* LegendViewController.h */,
				96DFE1B81B660FB0007A7F6D /* LegendViewController.m */,
			);
			name = Legend;
			path = ArcGISSample/Legend;
			sourceTree = "<group>";
		};
		96DFE1B91B660FB0007A7F6D /* Locator */ = {
			isa = PBXGroup;
			children = (
				96DFE1BA1B660FB0007A7F6D /* LocatorViewController.h */,
				96DFE1BB1B660FB0007A7F6D /* LocatorViewController.m */,
			);
			name = Locator;
			path = ArcGISSample/Locator;
			sourceTree = "<group>";
		};
		96DFE1BC1B660FB0007A7F6D /* Magnifier */ = {
			isa = PBXGroup;
			children = (
				96DFE1BD1B660FB0007A7F6D /* MagnifierViewController.h */,
				96DFE1BE1B660FB0007A7F6D /* MagnifierViewController.m */,
			);
			name = Magnifier;
			path = ArcGISSample/Magnifier;
			sourceTree = "<group>";
		};
		96DFE1BF1B660FB0007A7F6D /* Network */ = {
			isa = PBXGroup;
			children = (
				96DFE1C01B660FB0007A7F6D /* NetworkViewController.h */,
				96DFE1C11B660FB0007A7F6D /* NetworkViewController.m */,
			);
			name = Network;
			path = ArcGISSample/Network;
			sourceTree = "<group>";
		};
		96DFE1C21B660FB0007A7F6D /* Perspective */ = {
			isa = PBXGroup;
			children = (
				96DFE1C31B660FB0007A7F6D /* PerspectiveViewController.h */,
				96DFE1C41B660FB0007A7F6D /* PerspectiveViewController.m */,
			);
			name = Perspective;
			path = ArcGISSample/Perspective;
			sourceTree = "<group>";
		};
		96DFE1C51B660FB0007A7F6D /* RotationRenderer */ = {
			isa = PBXGroup;
			children = (
				96DFE1C61B660FB0007A7F6D /* RotationRendererViewController.h */,
				96DFE1C71B660FB0007A7F6D /* RotationRendererViewController.m */,
			);
			name = RotationRenderer;
			path = ArcGISSample/RotationRenderer;
			sourceTree = "<group>";
		};
		96DFE1C81B660FB0007A7F6D /* Search */ = {
			isa = PBXGroup;
			children = (
				96DFE1C91B660FB0007A7F6D /* SearchViewController.h */,
				96DFE1CA1B660FB0007A7F6D /* SearchViewController.m */,
			);
			name = Search;
			path = ArcGISSample/Search;
			sourceTree = "<group>";
		};
		96DFE1CB1B660FB0007A7F6D /* Sensor */ = {
			isa = PBXGroup;
			children = (
				96DFE1CC1B660FB0007A7F6D /* SensorViewController.h */,
				96DFE1CD1B660FB0007A7F6D /* SensorViewController.m */,
			);
			name = Sensor;
			path = ArcGISSample/Sensor;
			sourceTree = "<group>";
		};
		96DFE1CE1B660FB0007A7F6D /* ServiceArea */ = {
			isa = PBXGroup;
			children = (
				96DFE1CF1B660FB0007A7F6D /* ServiceAreaViewController.h */,
				96DFE1D01B660FB0007A7F6D /* ServiceAreaViewController.m */,
			);
			name = ServiceArea;
			path = ArcGISSample/ServiceArea;
			sourceTree = "<group>";
		};
		96DFE1D11B660FB0007A7F6D /* Sketch */ = {
			isa = PBXGroup;
			children = (
				96DFE1D21B660FB0007A7F6D /* SketchViewController.h */,
				96DFE1D31B660FB0007A7F6D /* SketchViewController.m */,
			);
			name = Sketch;
			path = ArcGISSample/Sketch;
			sourceTree = "<group>";
		};
		96DFE1D41B660FB0007A7F6D /* Swipe */ = {
			isa = PBXGroup;
			children = (
				96DFE1D51B660FB0007A7F6D /* SwipeViewController.h */,
				96DFE1D61B660FB0007A7F6D /* SwipeViewController.m */,
			);
			name = Swipe;
			path = ArcGISSample/Swipe;
			sourceTree = "<group>";
		};
		96DFE1D71B660FB0007A7F6D /* Time */ = {
			isa = PBXGroup;
			children = (
				96DFE1D81B660FB0007A7F6D /* TimeViewController.h */,
				96DFE1D91B660FB0007A7F6D /* TimeViewController.m */,
			);
			name = Time;
			path = ArcGISSample/Time;
			sourceTree = "<group>";
		};
		96DFE1DA1B660FB0007A7F6D /* Webmap */ = {
			isa = PBXGroup;
			children = (
				96DFE1DB1B660FB0007A7F6D /* WebmapViewController.h */,
				96DFE1DC1B660FB0007A7F6D /* WebmapViewController.m */,
			);
			name = Webmap;
			path = ArcGISSample/Webmap;
			sourceTree = "<group>";
		};
		96DFE1DD1B660FB0007A7F6D /* Wms */ = {
			isa = PBXGroup;
			children = (
				96DFE1DE1B660FB0007A7F6D /* WmsViewController.h */,
				96DFE1DF1B660FB0007A7F6D /* WmsViewController.m */,
			);
			name = Wms;
			path = ArcGISSample/Wms;
			sourceTree = "<group>";
		};
/* End PBXGroup section */

/* Begin PBXNativeTarget section */
		96DFE1361B6603E2007A7F6D /* ArcGISSample */ = {
			isa = PBXNativeTarget;
			buildConfigurationList = 96DFE15A1B6603E2007A7F6D /* Build configuration list for PBXNativeTarget "ArcGISSample" */;
			buildPhases = (
				96DFE1331B6603E2007A7F6D /* Sources */,
				96DFE1341B6603E2007A7F6D /* Frameworks */,
				96DFE1351B6603E2007A7F6D /* Resources */,
			);
			buildRules = (
			);
			dependencies = (
			);
			name = ArcGISSample;
			productName = ArcGISSample;
			productReference = 96DFE1371B6603E2007A7F6D /* ArcGISSample.app */;
			productType = "com.apple.product-type.application";
		};
/* End PBXNativeTarget section */

/* Begin PBXProject section */
		96DFE12F1B6603E2007A7F6D /* Project object */ = {
			isa = PBXProject;
			attributes = {
				LastUpgradeCheck = 0640;
				ORGANIZATIONNAME = esrij;
				TargetAttributes = {
					96DFE1361B6603E2007A7F6D = {
						CreatedOnToolsVersion = 6.4;
					};
				};
			};
			buildConfigurationList = 96DFE1321B6603E2007A7F6D /* Build configuration list for PBXProject "ArcGISSample" */;
			compatibilityVersion = "Xcode 3.2";
			developmentRegion = English;
			hasScannedForEncodings = 0;
			knownRegions = (
				en,
				Base,
			);
			mainGroup = 96DFE12E1B6603E2007A7F6D;
			productRefGroup = 96DFE1381B6603E2007A7F6D /* Products */;
			projectDirPath = "";
			projectRoot = "";
			targets = (
				96DFE1361B6603E2007A7F6D /* ArcGISSample */,
			);
		};
/* End PBXProject section */

/* Begin PBXResourcesBuildPhase section */
		96DFE1351B6603E2007A7F6D /* Resources */ = {
			isa = PBXResourcesBuildPhase;
			buildActionMask = 2147483647;
			files = (
				96F1ABCA1B67780300A088F8 /* tokyo_yokohama.gpx in Resources */,
				96DFE14B1B6603E2007A7F6D /* LaunchScreen.xib in Resources */,
				967E08051B6F1BED00DA8F19 /* ArcGIS.bundle in Resources */,
				96DFE1481B6603E2007A7F6D /* Images.xcassets in Resources */,
			);
			runOnlyForDeploymentPostprocessing = 0;
		};
/* End PBXResourcesBuildPhase section */

/* Begin PBXSourcesBuildPhase section */
		96DFE1331B6603E2007A7F6D /* Sources */ = {
			isa = PBXSourcesBuildPhase;
			buildActionMask = 2147483647;
			files = (
				96DFE1E31B660FB0007A7F6D /* CustomSymbolViewController.m in Sources */,
				96DFE1431B6603E2007A7F6D /* TopMenuController.m in Sources */,
				96DFE1EC1B660FB0007A7F6D /* RotationRendererViewController.m in Sources */,
				96DFE1E51B660FB0007A7F6D /* JsonViewController.m in Sources */,
				96DFE1E01B660FB0007A7F6D /* AttachmentManagerViewController.m in Sources */,
				96DFE1ED1B660FB0007A7F6D /* SearchViewController.m in Sources */,
				96DFE1F11B660FB0007A7F6D /* SwipeViewController.m in Sources */,
				96DFE1E61B660FB0007A7F6D /* LayersViewController.m in Sources */,
				96DFE1EB1B660FB0007A7F6D /* PerspectiveViewController.m in Sources */,
				96DFE1E21B660FB0007A7F6D /* CoordinateConversionViewController.m in Sources */,
				96DFE1401B6603E2007A7F6D /* AppDelegate.m in Sources */,
				96DFE1E71B660FB0007A7F6D /* LegendViewController.m in Sources */,
				96DFE1EA1B660FB0007A7F6D /* NetworkViewController.m in Sources */,
				96DFE1E81B660FB0007A7F6D /* LocatorViewController.m in Sources */,
				96DFE1F01B660FB0007A7F6D /* SketchViewController.m in Sources */,
				96DFE1EE1B660FB0007A7F6D /* SensorViewController.m in Sources */,
				96DFE1E91B660FB0007A7F6D /* MagnifierViewController.m in Sources */,
				96DFE13D1B6603E2007A7F6D /* main.m in Sources */,
				96DFE1F21B660FB0007A7F6D /* TimeViewController.m in Sources */,
				96DFE1F41B660FB0007A7F6D /* WmsViewController.m in Sources */,
				96DFE1EF1B660FB0007A7F6D /* ServiceAreaViewController.m in Sources */,
				96DFE1E41B660FB0007A7F6D /* GpsViewController.m in Sources */,
				96DFE1F31B660FB0007A7F6D /* WebmapViewController.m in Sources */,
			);
			runOnlyForDeploymentPostprocessing = 0;
		};
/* End PBXSourcesBuildPhase section */

/* Begin PBXVariantGroup section */
		96DFE1491B6603E2007A7F6D /* LaunchScreen.xib */ = {
			isa = PBXVariantGroup;
			children = (
				96DFE14A1B6603E2007A7F6D /* Base */,
			);
			name = LaunchScreen.xib;
			sourceTree = "<group>";
		};
/* End PBXVariantGroup section */

/* Begin XCBuildConfiguration section */
		96DFE1581B6603E2007A7F6D /* Debug */ = {
			isa = XCBuildConfiguration;
			buildSettings = {
				ALWAYS_SEARCH_USER_PATHS = NO;
				CLANG_CXX_LANGUAGE_STANDARD = "gnu++0x";
				CLANG_CXX_LIBRARY = "libc++";
				CLANG_ENABLE_MODULES = YES;
				CLANG_ENABLE_OBJC_ARC = YES;
				CLANG_WARN_BOOL_CONVERSION = YES;
				CLANG_WARN_CONSTANT_CONVERSION = YES;
				CLANG_WARN_DIRECT_OBJC_ISA_USAGE = YES_ERROR;
				CLANG_WARN_EMPTY_BODY = YES;
				CLANG_WARN_ENUM_CONVERSION = YES;
				CLANG_WARN_INT_CONVERSION = YES;
				CLANG_WARN_OBJC_ROOT_CLASS = YES_ERROR;
				CLANG_WARN_UNREACHABLE_CODE = YES;
				CLANG_WARN__DUPLICATE_METHOD_MATCH = YES;
				"CODE_SIGN_IDENTITY[sdk=iphoneos*]" = "iPhone Developer";
				COPY_PHASE_STRIP = NO;
				DEBUG_INFORMATION_FORMAT = "dwarf-with-dsym";
				ENABLE_STRICT_OBJC_MSGSEND = YES;
				FRAMEWORK_SEARCH_PATHS = "$(HOME)/Library/SDKs/ArcGIS/iOS/";
				GCC_C_LANGUAGE_STANDARD = gnu99;
				GCC_DYNAMIC_NO_PIC = NO;
				GCC_NO_COMMON_BLOCKS = YES;
				GCC_OPTIMIZATION_LEVEL = 0;
				GCC_PREPROCESSOR_DEFINITIONS = (
					"DEBUG=1",
					"$(inherited)",
				);
				GCC_SYMBOLS_PRIVATE_EXTERN = NO;
				GCC_WARN_64_TO_32_BIT_CONVERSION = YES;
				GCC_WARN_ABOUT_RETURN_TYPE = YES_ERROR;
				GCC_WARN_UNDECLARED_SELECTOR = YES;
				GCC_WARN_UNINITIALIZED_AUTOS = YES_AGGRESSIVE;
				GCC_WARN_UNUSED_FUNCTION = YES;
				GCC_WARN_UNUSED_VARIABLE = YES;
				IPHONEOS_DEPLOYMENT_TARGET = 8.0;
				MTL_ENABLE_DEBUG_INFO = YES;
				ONLY_ACTIVE_ARCH = YES;
				OTHER_LDFLAGS = (
					"-ObjC",
					"-framework",
					ArcGIS,
					"-l",
					"c++",
				);
				SDKROOT = iphoneos;
				TARGETED_DEVICE_FAMILY = "1,2";
			};
			name = Debug;
		};
		96DFE1591B6603E2007A7F6D /* Release */ = {
			isa = XCBuildConfiguration;
			buildSettings = {
				ALWAYS_SEARCH_USER_PATHS = NO;
				CLANG_CXX_LANGUAGE_STANDARD = "gnu++0x";
				CLANG_CXX_LIBRARY = "libc++";
				CLANG_ENABLE_MODULES = YES;
				CLANG_ENABLE_OBJC_ARC = YES;
				CLANG_WARN_BOOL_CONVERSION = YES;
				CLANG_WARN_CONSTANT_CONVERSION = YES;
				CLANG_WARN_DIRECT_OBJC_ISA_USAGE = YES_ERROR;
				CLANG_WARN_EMPTY_BODY = YES;
				CLANG_WARN_ENUM_CONVERSION = YES;
				CLANG_WARN_INT_CONVERSION = YES;
				CLANG_WARN_OBJC_ROOT_CLASS = YES_ERROR;
				CLANG_WARN_UNREACHABLE_CODE = YES;
				CLANG_WARN__DUPLICATE_METHOD_MATCH = YES;
				"CODE_SIGN_IDENTITY[sdk=iphoneos*]" = "iPhone Developer";
				COPY_PHASE_STRIP = NO;
				DEBUG_INFORMATION_FORMAT = "dwarf-with-dsym";
				ENABLE_NS_ASSERTIONS = NO;
				ENABLE_STRICT_OBJC_MSGSEND = YES;
				FRAMEWORK_SEARCH_PATHS = "$(HOME)/Library/SDKs/ArcGIS/iOS/";
				GCC_C_LANGUAGE_STANDARD = gnu99;
				GCC_NO_COMMON_BLOCKS = YES;
				GCC_WARN_64_TO_32_BIT_CONVERSION = YES;
				GCC_WARN_ABOUT_RETURN_TYPE = YES_ERROR;
				GCC_WARN_UNDECLARED_SELECTOR = YES;
				GCC_WARN_UNINITIALIZED_AUTOS = YES_AGGRESSIVE;
				GCC_WARN_UNUSED_FUNCTION = YES;
				GCC_WARN_UNUSED_VARIABLE = YES;
				IPHONEOS_DEPLOYMENT_TARGET = 8.0;
				MTL_ENABLE_DEBUG_INFO = NO;
				OTHER_LDFLAGS = (
					"-ObjC",
					"-framework",
					ArcGIS,
					"-l",
					"c++",
				);
				SDKROOT = iphoneos;
				TARGETED_DEVICE_FAMILY = "1,2";
				VALIDATE_PRODUCT = YES;
			};
			name = Release;
		};
		96DFE15B1B6603E2007A7F6D /* Debug */ = {
			isa = XCBuildConfiguration;
			buildSettings = {
				ASSETCATALOG_COMPILER_APPICON_NAME = AppIcon;
				INFOPLIST_FILE = ArcGISSample/Info.plist;
				LD_RUNPATH_SEARCH_PATHS = "$(inherited) @executable_path/Frameworks";
				PRODUCT_NAME = "$(TARGET_NAME)";
				TARGETED_DEVICE_FAMILY = "1,2";
			};
			name = Debug;
		};
		96DFE15C1B6603E2007A7F6D /* Release */ = {
			isa = XCBuildConfiguration;
			buildSettings = {
				ASSETCATALOG_COMPILER_APPICON_NAME = AppIcon;
				INFOPLIST_FILE = ArcGISSample/Info.plist;
				LD_RUNPATH_SEARCH_PATHS = "$(inherited) @executable_path/Frameworks";
				PRODUCT_NAME = "$(TARGET_NAME)";
				TARGETED_DEVICE_FAMILY = "1,2";
			};
			name = Release;
		};
/* End XCBuildConfiguration section */

/* Begin XCConfigurationList section */
		96DFE1321B6603E2007A7F6D /* Build configuration list for PBXProject "ArcGISSample" */ = {
			isa = XCConfigurationList;
			buildConfigurations = (
				96DFE1581B6603E2007A7F6D /* Debug */,
				96DFE1591B6603E2007A7F6D /* Release */,
			);
			defaultConfigurationIsVisible = 0;
			defaultConfigurationName = Release;
		};
		96DFE15A1B6603E2007A7F6D /* Build configuration list for PBXNativeTarget "ArcGISSample" */ = {
			isa = XCConfigurationList;
			buildConfigurations = (
				96DFE15B1B6603E2007A7F6D /* Debug */,
				96DFE15C1B6603E2007A7F6D /* Release */,
			);
			defaultConfigurationIsVisible = 0;
			defaultConfigurationName = Release;
		};
/* End XCConfigurationList section */
	};
	rootObject = 96DFE12F1B6603E2007A7F6D /* Project object */;
}
